
Microsoft Visual Studio Solution File, Format Version 12.00
# Visual Studio Version 17
VisualStudioVersion = 17.3.32922.545
MinimumVisualStudioVersion = 10.0.40219.1
Project("{FAE04EC0-301F-11D3-BF4B-00C04F79EFBC}") = "Mvc_Lab2_task1", "Mvc_Lab2_task1.csproj", "{0061473D-E228-497F-9B0A-D45E81C01EF2}"
EndProject
Global
	GlobalSection(SolutionConfigurationPlatforms) = preSolution
		Debug|Any CPU = Debug|Any CPU
		Release|Any CPU = Release|Any CPU
	EndGlobalSection
	GlobalSection(ProjectConfigurationPlatforms) = postSolution
		{0061473D-E228-497F-9B0A-D45E81C01EF2}.Debug|Any CPU.ActiveCfg = Debug|Any CPU
		{0061473D-E228-497F-9B0A-D45E81C01EF2}.Debug|Any CPU.Build.0 = Debug|Any CPU
		{0061473D-E228-497F-9B0A-D45E81C01EF2}.Release|Any CPU.ActiveCfg = Release|Any CPU
		{0061473D-E228-497F-9B0A-D45E81C01EF2}.Release|Any CPU.Build.0 = Release|Any CPU
	EndGlobalSection
	GlobalSection(SolutionProperties) = preSolution
		HideSolutionNode = FALSE
	EndGlobalSection
	GlobalSection(ExtensibilityGlobals) = postSolution
		SolutionGuid = {1C1F5428-8505-47DE-9C61-1B42A3900696}
	EndGlobalSection
EndGlobal
