
Microsoft Visual Studio Solution File, Format Version 12.00
# Visual Studio Version 16
VisualStudioVersion = 16.0.32901.82
MinimumVisualStudioVersion = 10.0.40219.1
Project("{E24C65DC-7377-472B-9ABA-BC803B73C61A}") = "Lab7", ".", "{EB904FB3-82AF-49FB-8666-670363C2E274}"
	ProjectSection(WebsiteProperties) = preProject
		TargetFrameworkMoniker = ".NETFramework,Version%3Dv4.7.2"
		Debug.AspNetCompiler.VirtualPath = "/localhost_59821"
		Debug.AspNetCompiler.PhysicalPath = "..\Lab7\"
		Debug.AspNetCompiler.TargetPath = "PrecompiledWeb\localhost_59821\"
		Debug.AspNetCompiler.Updateable = "true"
		Debug.AspNetCompiler.ForceOverwrite = "true"
		Debug.AspNetCompiler.FixedNames = "false"
		Debug.AspNetCompiler.Debug = "True"
		Release.AspNetCompiler.VirtualPath = "/localhost_59821"
		Release.AspNetCompiler.PhysicalPath = "..\Lab7\"
		Release.AspNetCompiler.TargetPath = "PrecompiledWeb\localhost_59821\"
		Release.AspNetCompiler.Updateable = "true"
		Release.AspNetCompiler.ForceOverwrite = "true"
		Release.AspNetCompiler.FixedNames = "false"
		Release.AspNetCompiler.Debug = "False"
		VWDPort = "59821"
		SlnRelativePath = "..\Lab7\"
		DefaultWebSiteLanguage = "Visual C#"
	EndProjectSection
EndProject
Global
	GlobalSection(SolutionConfigurationPlatforms) = preSolution
		Debug|Any CPU = Debug|Any CPU
	EndGlobalSection
	GlobalSection(ProjectConfigurationPlatforms) = postSolution
		{EB904FB3-82AF-49FB-8666-670363C2E274}.Debug|Any CPU.ActiveCfg = Debug|Any CPU
		{EB904FB3-82AF-49FB-8666-670363C2E274}.Debug|Any CPU.Build.0 = Debug|Any CPU
	EndGlobalSection
	GlobalSection(SolutionProperties) = preSolution
		HideSolutionNode = FALSE
	EndGlobalSection
	GlobalSection(ExtensibilityGlobals) = postSolution
		SolutionGuid = {306696A0-3D93-4DB4-8579-00DDD30E10B5}
	EndGlobalSection
EndGlobal
